// !$*UTF8*$!
{
	archiveVersion = 1;
	classes = {
	};
	objectVersion = 46;
	objects = {

/* Begin PBXBuildFile section */
		F84461EC1C366AE40069D3E3 /* AppDelegate.swift in Sources */ = {isa = PBXBuildFile; fileRef = F84461EB1C366AE40069D3E3 /* AppDelegate.swift */; };
		F84461EE1C366AE40069D3E3 /* ViewController.swift in Sources */ = {isa = PBXBuildFile; fileRef = F84461ED1C366AE40069D3E3 /* ViewController.swift */; };
		F84461F11C366AE40069D3E3 /* Main.storyboard in Resources */ = {isa = PBXBuildFile; fileRef = F84461EF1C366AE40069D3E3 /* Main.storyboard */; };
		F84461F31C366AE40069D3E3 /* Assets.xcassets in Resources */ = {isa = PBXBuildFile; fileRef = F84461F21C366AE40069D3E3 /* Assets.xcassets */; };
		F84461F61C366AE40069D3E3 /* LaunchScreen.storyboard in Resources */ = {isa = PBXBuildFile; fileRef = F84461F41C366AE40069D3E3 /* LaunchScreen.storyboard */; };
/* End PBXBuildFile section */

/* Begin PBXFileReference section */
		F84461E81C366AE40069D3E3 /* Bemuse.app */ = {isa = PBXFileReference; explicitFileType = wrapper.application; includeInIndex = 0; path = Bemuse.app; sourceTree = BUILT_PRODUCTS_DIR; };
		F84461EB1C366AE40069D3E3 /* AppDelegate.swift */ = {isa = PBXFileReference; lastKnownFileType = sourcecode.swift; path = AppDelegate.swift; sourceTree = "<group>"; };
		F84461ED1C366AE40069D3E3 /* ViewController.swift */ = {isa = PBXFileReference; lastKnownFileType = sourcecode.swift; path = ViewController.swift; sourceTree = "<group>"; };
		F84461F01C366AE40069D3E3 /* Base */ = {isa = PBXFileReference; lastKnownFileType = file.storyboard; name = Base; path = Base.lproj/Main.storyboard; sourceTree = "<group>"; };
		F84461F21C366AE40069D3E3 /* Assets.xcassets */ = {isa = PBXFileReference; lastKnownFileType = folder.assetcatalog; path = Assets.xcassets; sourceTree = "<group>"; };
		F84461F51C366AE40069D3E3 /* Base */ = {isa = PBXFileReference; lastKnownFileType = file.storyboard; name = Base; path = Base.lproj/LaunchScreen.storyboard; sourceTree = "<group>"; };
		F84461F71C366AE40069D3E3 /* Info.plist */ = {isa = PBXFileReference; lastKnownFileType = text.plist.xml; path = Info.plist; sourceTree = "<group>"; };
/* End PBXFileReference section */

/* Begin PBXFrameworksBuildPhase section */
		F84461E51C366AE40069D3E3 /* Frameworks */ = {
			isa = PBXFrameworksBuildPhase;
			buildActionMask = 2147483647;
			files = (
			);
			runOnlyForDeploymentPostprocessing = 0;
		};
/* End PBXFrameworksBuildPhase section */

/* Begin PBXGroup section */
		F84461DF1C366AE40069D3E3 = {
			isa = PBXGroup;
			children = (
				F84461EA1C366AE40069D3E3 /* Bemuse */,
				F84461E91C366AE40069D3E3 /* Products */,
			);
			sourceTree = "<group>";
		};
		F84461E91C366AE40069D3E3 /* Products */ = {
			isa = PBXGroup;
			children = (
				F84461E81C366AE40069D3E3 /* Bemuse.app */,
			);
			name = Products;
			sourceTree = "<group>";
		};
		F84461EA1C366AE40069D3E3 /* Bemuse */ = {
			isa = PBXGroup;
			children = (
				F84461EB1C366AE40069D3E3 /* AppDelegate.swift */,
				F84461ED1C366AE40069D3E3 /* ViewController.swift */,
				F84461EF1C366AE40069D3E3 /* Main.storyboard */,
				F84461F21C366AE40069D3E3 /* Assets.xcassets */,
				F84461F41C366AE40069D3E3 /* LaunchScreen.storyboard */,
				F84461F71C366AE40069D3E3 /* Info.plist */,
			);
			path = Bemuse;
			sourceTree = "<group>";
		};
/* End PBXGroup section */

/* Begin PBXNativeTarget section */
		F84461E71C366AE40069D3E3 /* Bemuse */ = {
			isa = PBXNativeTarget;
			buildConfigurationList = F84461FA1C366AE40069D3E3 /* Build configuration list for PBXNativeTarget "Bemuse" */;
			buildPhases = (
				F84461E41C366AE40069D3E3 /* Sources */,
				F84461E51C366AE40069D3E3 /* Frameworks */,
				F84461E61C366AE40069D3E3 /* Resources */,
			);
			buildRules = (
			);
			dependencies = (
			);
			name = Bemuse;
			productName = Bemuse;
			productReference = F84461E81C366AE40069D3E3 /* Bemuse.app */;
			productType = "com.apple.product-type.application";
		};
/* End PBXNativeTarget section */

/* Begin PBXProject section */
		F84461E01C366AE40069D3E3 /* Project object */ = {
			isa = PBXProject;
			attributes = {
				LastSwiftUpdateCheck = 0720;
				LastUpgradeCheck = 0720;
				ORGANIZATIONNAME = "Thai Pangsakulyanont";
				TargetAttributes = {
					F84461E71C366AE40069D3E3 = {
						CreatedOnToolsVersion = 7.2;
					};
				};
			};
			buildConfigurationList = F84461E31C366AE40069D3E3 /* Build configuration list for PBXProject "Bemuse" */;
			compatibilityVersion = "Xcode 3.2";
			developmentRegion = English;
			hasScannedForEncodings = 0;
			knownRegions = (
				en,
				Base,
			);
			mainGroup = F84461DF1C366AE40069D3E3;
			productRefGroup = F84461E91C366AE40069D3E3 /* Products */;
			projectDirPath = "";
			projectRoot = "";
			targets = (
				F84461E71C366AE40069D3E3 /* Bemuse */,
			);
		};
/* End PBXProject section */

/* Begin PBXResourcesBuildPhase section */
		F84461E61C366AE40069D3E3 /* Resources */ = {
			isa = PBXResourcesBuildPhase;
			buildActionMask = 2147483647;
			files = (
				F84461F61C366AE40069D3E3 /* LaunchScreen.storyboard in Resources */,
				F84461F31C366AE40069D3E3 /* Assets.xcassets in Resources */,
				F84461F11C366AE40069D3E3 /* Main.storyboard in Resources */,
			);
			runOnlyForDeploymentPostprocessing = 0;
		};
/* End PBXResourcesBuildPhase section */

/* Begin PBXSourcesBuildPhase section */
		F84461E41C366AE40069D3E3 /* Sources */ = {
			isa = PBXSourcesBuildPhase;
			buildActionMask = 2147483647;
			files = (
				F84461EE1C366AE40069D3E3 /* ViewController.swift in Sources */,
				F84461EC1C366AE40069D3E3 /* AppDelegate.swift in Sources */,
			);
			runOnlyForDeploymentPostprocessing = 0;
		};
/* End PBXSourcesBuildPhase section */

/* Begin PBXVariantGroup section */
		F84461EF1C366AE40069D3E3 /* Main.storyboard */ = {
			isa = PBXVariantGroup;
			children = (
				F84461F01C366AE40069D3E3 /* Base */,
			);
			name = Main.storyboard;
			sourceTree = "<group>";
		};
		F84461F41C366AE40069D3E3 /* LaunchScreen.storyboard */ = {
			isa = PBXVariantGroup;
			children = (
				F84461F51C366AE40069D3E3 /* Base */,
			);
			name = LaunchScreen.storyboard;
			sourceTree = "<group>";
		};
/* End PBXVariantGroup section */

/* Begin XCBuildConfiguration section */
		F84461F81C366AE40069D3E3 /* Debug */ = {
			isa = XCBuildConfiguration;
			buildSettings = {
				ALWAYS_SEARCH_USER_PATHS = NO;
				CLANG_CXX_LANGUAGE_STANDARD = "gnu++0x";
				CLANG_CXX_LIBRARY = "libc++";
				CLANG_ENABLE_MODULES = YES;
				CLANG_ENABLE_OBJC_ARC = YES;
				CLANG_WARN_BOOL_CONVERSION = YES;
				CLANG_WARN_CONSTANT_CONVERSION = YES;
				CLANG_WARN_DIRECT_OBJC_ISA_USAGE = YES_ERROR;
				CLANG_WARN_EMPTY_BODY = YES;
				CLANG_WARN_ENUM_CONVERSION = YES;
				CLANG_WARN_INT_CONVERSION = YES;
				CLANG_WARN_OBJC_ROOT_CLASS = YES_ERROR;
				CLANG_WARN_UNREACHABLE_CODE = YES;
				CLANG_WARN__DUPLICATE_METHOD_MATCH = YES;
				"CODE_SIGN_IDENTITY[sdk=iphoneos*]" = "iPhone Developer";
				COPY_PHASE_STRIP = NO;
				DEBUG_INFORMATION_FORMAT = dwarf;
				ENABLE_STRICT_OBJC_MSGSEND = YES;
				ENABLE_TESTABILITY = YES;
				GCC_C_LANGUAGE_STANDARD = gnu99;
				GCC_DYNAMIC_NO_PIC = NO;
				GCC_NO_COMMON_BLOCKS = YES;
				GCC_OPTIMIZATION_LEVEL = 0;
				GCC_PREPROCESSOR_DEFINITIONS = (
					"DEBUG=1",
					"$(inherited)",
				);
				GCC_WARN_64_TO_32_BIT_CONVERSION = YES;
				GCC_WARN_ABOUT_RETURN_TYPE = YES_ERROR;
				GCC_WARN_UNDECLARED_SELECTOR = YES;
				GCC_WARN_UNINITIALIZED_AUTOS = YES_AGGRESSIVE;
				GCC_WARN_UNUSED_FUNCTION = YES;
				GCC_WARN_UNUSED_VARIABLE = YES;
				IPHONEOS_DEPLOYMENT_TARGET = 9.2;
				MTL_ENABLE_DEBUG_INFO = YES;
				ONLY_ACTIVE_ARCH = YES;
				SDKROOT = iphoneos;
				SWIFT_OPTIMIZATION_LEVEL = "-Onone";
				TARGETED_DEVICE_FAMILY = 2;
			};
			name = Debug;
		};
		F84461F91C366AE40069D3E3 /* Release */ = {
			isa = XCBuildConfiguration;
			buildSettings = {
				ALWAYS_SEARCH_USER_PATHS = NO;
				CLANG_CXX_LANGUAGE_STANDARD = "gnu++0x";
				CLANG_CXX_LIBRARY = "libc++";
				CLANG_ENABLE_MODULES = YES;
				CLANG_ENABLE_OBJC_ARC = YES;
				CLANG_WARN_BOOL_CONVERSION = YES;
				CLANG_WARN_CONSTANT_CONVERSION = YES;
				CLANG_WARN_DIRECT_OBJC_ISA_USAGE = YES_ERROR;
				CLANG_WARN_EMPTY_BODY = YES;
				CLANG_WARN_ENUM_CONVERSION = YES;
				CLANG_WARN_INT_CONVERSION = YES;
				CLANG_WARN_OBJC_ROOT_CLASS = YES_ERROR;
				CLANG_WARN_UNREACHABLE_CODE = YES;
				CLANG_WARN__DUPLICATE_METHOD_MATCH = YES;
				"CODE_SIGN_IDENTITY[sdk=iphoneos*]" = "iPhone Developer";
				COPY_PHASE_STRIP = NO;
				DEBUG_INFORMATION_FORMAT = "dwarf-with-dsym";
				ENABLE_NS_ASSERTIONS = NO;
				ENABLE_STRICT_OBJC_MSGSEND = YES;
				GCC_C_LANGUAGE_STANDARD = gnu99;
				GCC_NO_COMMON_BLOCKS = YES;
				GCC_WARN_64_TO_32_BIT_CONVERSION = YES;
				GCC_WARN_ABOUT_RETURN_TYPE = YES_ERROR;
				GCC_WARN_UNDECLARED_SELECTOR = YES;
				GCC_WARN_UNINITIALIZED_AUTOS = YES_AGGRESSIVE;
				GCC_WARN_UNUSED_FUNCTION = YES;
				GCC_WARN_UNUSED_VARIABLE = YES;
				IPHONEOS_DEPLOYMENT_TARGET = 9.2;
				MTL_ENABLE_DEBUG_INFO = NO;
				SDKROOT = iphoneos;
				TARGETED_DEVICE_FAMILY = 2;
				VALIDATE_PRODUCT = YES;
			};
			name = Release;
		};
		F84461FB1C366AE40069D3E3 /* Debug */ = {
			isa = XCBuildConfiguration;
			buildSettings = {
				ASSETCATALOG_COMPILER_APPICON_NAME = AppIcon;
				INFOPLIST_FILE = Bemuse/Info.plist;
				LD_RUNPATH_SEARCH_PATHS = "$(inherited) @executable_path/Frameworks";
				PRODUCT_BUNDLE_IDENTIFIER = ninja.bemuse.ipad.Bemuse;
				PRODUCT_NAME = "$(TARGET_NAME)";
			};
			name = Debug;
		};
		F84461FC1C366AE40069D3E3 /* Release */ = {
			isa = XCBuildConfiguration;
			buildSettings = {
				ASSETCATALOG_COMPILER_APPICON_NAME = AppIcon;
				INFOPLIST_FILE = Bemuse/Info.plist;
				LD_RUNPATH_SEARCH_PATHS = "$(inherited) @executable_path/Frameworks";
				PRODUCT_BUNDLE_IDENTIFIER = ninja.bemuse.ipad.Bemuse;
				PRODUCT_NAME = "$(TARGET_NAME)";
			};
			name = Release;
		};
/* End XCBuildConfiguration section */

/* Begin XCConfigurationList section */
		F84461E31C366AE40069D3E3 /* Build configuration list for PBXProject "Bemuse" */ = {
			isa = XCConfigurationList;
			buildConfigurations = (
				F84461F81C366AE40069D3E3 /* Debug */,
				F84461F91C366AE40069D3E3 /* Release */,
			);
			defaultConfigurationIsVisible = 0;
			defaultConfigurationName = Release;
		};
		F84461FA1C366AE40069D3E3 /* Build configuration list for PBXNativeTarget "Bemuse" */ = {
			isa = XCConfigurationList;
			buildConfigurations = (
				F84461FB1C366AE40069D3E3 /* Debug */,
				F84461FC1C366AE40069D3E3 /* Release */,
			);
			defaultConfigurationIsVisible = 0;
		};
/* End XCConfigurationList section */
	};
	rootObject = F84461E01C366AE40069D3E3 /* Project object */;
}
